
Microsoft Visual Studio Solution File, Format Version 12.00
# Visual Studio Version 16
VisualStudioVersion = 16.0.33529.622
MinimumVisualStudioVersion = 10.0.40219.1
Project("{FAE04EC0-301F-11D3-BF4B-00C04F79EFBC}") = "calculadora", "calculadora\calculadora.csproj", "{953BDC2E-3F90-4EDA-A3DB-5F9CDB9641BF}"
EndProject
Global
	GlobalSection(SolutionConfigurationPlatforms) = preSolution
		Debug|Any CPU = Debug|Any CPU
		Release|Any CPU = Release|Any CPU
	EndGlobalSection
	GlobalSection(ProjectConfigurationPlatforms) = postSolution
		{953BDC2E-3F90-4EDA-A3DB-5F9CDB9641BF}.Debug|Any CPU.ActiveCfg = Debug|Any CPU
		{953BDC2E-3F90-4EDA-A3DB-5F9CDB9641BF}.Debug|Any CPU.Build.0 = Debug|Any CPU
		{953BDC2E-3F90-4EDA-A3DB-5F9CDB9641BF}.Release|Any CPU.ActiveCfg = Release|Any CPU
		{953BDC2E-3F90-4EDA-A3DB-5F9CDB9641BF}.Release|Any CPU.Build.0 = Release|Any CPU
	EndGlobalSection
	GlobalSection(SolutionProperties) = preSolution
		HideSolutionNode = FALSE
	EndGlobalSection
	GlobalSection(ExtensibilityGlobals) = postSolution
		SolutionGuid = {CCCC2EEB-7346-4EEE-9730-415290E5523B}
	EndGlobalSection
EndGlobal
